
Microsoft Visual Studio Solution File, Format Version 12.00
# Visual Studio Version 17
VisualStudioVersion = 17.9.34607.119
MinimumVisualStudioVersion = 10.0.40219.1
Project("{FAE04EC0-301F-11D3-BF4B-00C04F79EFBC}") = "Лаба_1", "Лаба_1\Лаба_1.csproj", "{518BCD09-B4DE-455E-B7E6-8CE6437BDEFA}"
EndProject
Global
	GlobalSection(SolutionConfigurationPlatforms) = preSolution
		Debug|Any CPU = Debug|Any CPU
		Release|Any CPU = Release|Any CPU
	EndGlobalSection
	GlobalSection(ProjectConfigurationPlatforms) = postSolution
		{518BCD09-B4DE-455E-B7E6-8CE6437BDEFA}.Debug|Any CPU.ActiveCfg = Debug|Any CPU
		{518BCD09-B4DE-455E-B7E6-8CE6437BDEFA}.Debug|Any CPU.Build.0 = Debug|Any CPU
		{518BCD09-B4DE-455E-B7E6-8CE6437BDEFA}.Release|Any CPU.ActiveCfg = Release|Any CPU
		{518BCD09-B4DE-455E-B7E6-8CE6437BDEFA}.Release|Any CPU.Build.0 = Release|Any CPU
	EndGlobalSection
	GlobalSection(SolutionProperties) = preSolution
		HideSolutionNode = FALSE
	EndGlobalSection
	GlobalSection(ExtensibilityGlobals) = postSolution
		SolutionGuid = {3FFA6362-3110-43A0-86E0-98F61C6561BA}
	EndGlobalSection
EndGlobal
